
Microsoft Visual Studio Solution File, Format Version 12.00
# Visual Studio Version 17
VisualStudioVersion = 17.6.33829.357
MinimumVisualStudioVersion = 10.0.40219.1
Project("{FAE04EC0-301F-11D3-BF4B-00C04F79EFBC}") = "Magicvilla", "Magicvilla.csproj", "{59A6133C-081F-4C23-9A81-75666C74ECFA}"
EndProject
Global
	GlobalSection(SolutionConfigurationPlatforms) = preSolution
		Debug|Any CPU = Debug|Any CPU
		Release|Any CPU = Release|Any CPU
	EndGlobalSection
	GlobalSection(ProjectConfigurationPlatforms) = postSolution
		{59A6133C-081F-4C23-9A81-75666C74ECFA}.Debug|Any CPU.ActiveCfg = Debug|Any CPU
		{59A6133C-081F-4C23-9A81-75666C74ECFA}.Debug|Any CPU.Build.0 = Debug|Any CPU
		{59A6133C-081F-4C23-9A81-75666C74ECFA}.Release|Any CPU.ActiveCfg = Release|Any CPU
		{59A6133C-081F-4C23-9A81-75666C74ECFA}.Release|Any CPU.Build.0 = Release|Any CPU
	EndGlobalSection
	GlobalSection(SolutionProperties) = preSolution
		HideSolutionNode = FALSE
	EndGlobalSection
	GlobalSection(ExtensibilityGlobals) = postSolution
		SolutionGuid = {BCC553D1-3157-46F5-BC08-496B166E98F3}
	EndGlobalSection
EndGlobal
